
Microsoft Visual Studio Solution File, Format Version 12.00
# Visual Studio Version 17
VisualStudioVersion = 17.0.31903.59
MinimumVisualStudioVersion = 10.0.40219.1
Project("{FAE04EC0-301F-11D3-BF4B-00C04F79EFBC}") = "DeveloperService", "DeveloperService\DeveloperService.csproj", "{776847F7-6971-4334-B24F-4124B7C8CB5C}"
EndProject
Project("{FAE04EC0-301F-11D3-BF4B-00C04F79EFBC}") = "HrManagerService", "HrManagerService\HrManagerService.csproj", "{F350F325-9C32-4C7E-9D25-FB4601D14A05}"
EndProject
Project("{FAE04EC0-301F-11D3-BF4B-00C04F79EFBC}") = "HrDirectorService", "HrDirectorService\HrDirectorService.csproj", "{82DF6A43-9390-4DF6-9A53-F4F910E3CC50}"
EndProject
Global
	GlobalSection(SolutionConfigurationPlatforms) = preSolution
		Debug|Any CPU = Debug|Any CPU
		Release|Any CPU = Release|Any CPU
	EndGlobalSection
	GlobalSection(SolutionProperties) = preSolution
		HideSolutionNode = FALSE
	EndGlobalSection
	GlobalSection(ProjectConfigurationPlatforms) = postSolution
		{776847F7-6971-4334-B24F-4124B7C8CB5C}.Debug|Any CPU.ActiveCfg = Debug|Any CPU
		{776847F7-6971-4334-B24F-4124B7C8CB5C}.Debug|Any CPU.Build.0 = Debug|Any CPU
		{776847F7-6971-4334-B24F-4124B7C8CB5C}.Release|Any CPU.ActiveCfg = Release|Any CPU
		{776847F7-6971-4334-B24F-4124B7C8CB5C}.Release|Any CPU.Build.0 = Release|Any CPU
		{F350F325-9C32-4C7E-9D25-FB4601D14A05}.Debug|Any CPU.ActiveCfg = Debug|Any CPU
		{F350F325-9C32-4C7E-9D25-FB4601D14A05}.Debug|Any CPU.Build.0 = Debug|Any CPU
		{F350F325-9C32-4C7E-9D25-FB4601D14A05}.Release|Any CPU.ActiveCfg = Release|Any CPU
		{F350F325-9C32-4C7E-9D25-FB4601D14A05}.Release|Any CPU.Build.0 = Release|Any CPU
		{82DF6A43-9390-4DF6-9A53-F4F910E3CC50}.Debug|Any CPU.ActiveCfg = Debug|Any CPU
		{82DF6A43-9390-4DF6-9A53-F4F910E3CC50}.Debug|Any CPU.Build.0 = Debug|Any CPU
		{82DF6A43-9390-4DF6-9A53-F4F910E3CC50}.Release|Any CPU.ActiveCfg = Release|Any CPU
		{82DF6A43-9390-4DF6-9A53-F4F910E3CC50}.Release|Any CPU.Build.0 = Release|Any CPU
	EndGlobalSection
EndGlobal
